
Microsoft Visual Studio Solution File, Format Version 12.00
# Visual Studio Version 16
VisualStudioVersion = 16.0.30011.22
MinimumVisualStudioVersion = 10.0.40219.1
Project("{FAE04EC0-301F-11D3-BF4B-00C04F79EFBC}") = "MeteoSationProject", "MeteoSationProject.csproj", "{5900F545-2766-459E-AAA6-C3B3E2DA4797}"
EndProject
Global
	GlobalSection(SolutionConfigurationPlatforms) = preSolution
		Debug|Any CPU = Debug|Any CPU
		Release|Any CPU = Release|Any CPU
	EndGlobalSection
	GlobalSection(ProjectConfigurationPlatforms) = postSolution
		{5900F545-2766-459E-AAA6-C3B3E2DA4797}.Debug|Any CPU.ActiveCfg = Debug|Any CPU
		{5900F545-2766-459E-AAA6-C3B3E2DA4797}.Debug|Any CPU.Build.0 = Debug|Any CPU
		{5900F545-2766-459E-AAA6-C3B3E2DA4797}.Release|Any CPU.ActiveCfg = Release|Any CPU
		{5900F545-2766-459E-AAA6-C3B3E2DA4797}.Release|Any CPU.Build.0 = Release|Any CPU
	EndGlobalSection
	GlobalSection(SolutionProperties) = preSolution
		HideSolutionNode = FALSE
	EndGlobalSection
	GlobalSection(ExtensibilityGlobals) = postSolution
		SolutionGuid = {2E2FE8E1-4C2A-4793-88AE-3121B5B2682D}
	EndGlobalSection
EndGlobal
